<?xml version="1.0" encoding="utf-8"?>
<Project ToolsVersion="4.0" xmlns="http://schemas.microsoft.com/developer/msbuild/2003">
  <ItemGroup>
    <Filter Include="Kulo">
      <UniqueIdentifier>{0030887C-EC66-890D-9553-6F108169050F}</UniqueIdentifier>
    </Filter>
    <Filter Include="Kulo\Events">
      <UniqueIdentifier>{E4DBE736-5091-602C-D985-5A03453A5730}</UniqueIdentifier>
    </Filter>
  </ItemGroup>
  <ItemGroup>
    <ClInclude Include="src\Kulo.h" />
    <ClInclude Include="src\Kulo\Application.h">
      <Filter>Kulo</Filter>
    </ClInclude>
    <ClInclude Include="src\Kulo\Core.h">
      <Filter>Kulo</Filter>
    </ClInclude>
    <ClInclude Include="src\Kulo\EntryPoint.h">
      <Filter>Kulo</Filter>
    </ClInclude>
    <ClInclude Include="src\Kulo\Events\ApplicationEvent.h">
      <Filter>Kulo\Events</Filter>
    </ClInclude>
    <ClInclude Include="src\Kulo\Events\Event.h">
      <Filter>Kulo\Events</Filter>
    </ClInclude>
    <ClInclude Include="src\Kulo\Events\KeyEvent.h">
      <Filter>Kulo\Events</Filter>
    </ClInclude>
    <ClInclude Include="src\Kulo\Events\MouseEvent.h">
      <Filter>Kulo\Events</Filter>
    </ClInclude>
    <ClInclude Include="src\Kulo\Log.h">
      <Filter>Kulo</Filter>
    </ClInclude>
  </ItemGroup>
  <ItemGroup>
    <ClCompile Include="src\Kulo\Application.cpp">
      <Filter>Kulo</Filter>
    </ClCompile>
    <ClCompile Include="src\Kulo\Log.cpp">
      <Filter>Kulo</Filter>
    </ClCompile>
  </ItemGroup>
</Project>